{
  "name": "fixture-app",
  "version": "0.0.1",
  "lockfileVersion": 3,
  "requires": true,
  "packages": {
    "": {
      "name": "fixture-app",
      "version": "0.0.1",
      "dependencies": {
        "lodash": "4.17.20"
      },
      "devDependencies": {
        "minimist": "1.2.5"
      }
    },
    "node_modules/lodash": {
      "version": "4.17.20",
      "resolved": "https://registry.npmjs.org/lodash/-/lodash-4.17.20.tgz",
      "integrity": "sha512-PlhdFcillOINfeV7Ni6oF1TAEayyZBoZ8bcshTHqOYJYlrqzRK5hagpagky5o4HfCzzd1TRkXPMFq6cKk9rGmA=="
    },
    "node_modules/minimist": {
      "version": "1.2.5",
      "resolved": "https://registry.npmjs.org/minimist/-/minimist-1.2.5.tgz",
      "integrity": "sha512-FM9nNUYrRBAELZQT3xeZQ7fmMOBg6nWNmJKTcgsJeaLstP/UODVpGsr5OhXhhXg6f+qtJ8uiZ+PUxkDWcgIXLw==",
      "dev": true
    },
    "node_modules/lodash/node_modules/safe-buffer": {
      "version": "5.2.1",
      "resolved": "https://registry.npmjs.org/safe-buffer/-/safe-buffer-5.2.1.tgz"
    },
    "node_modules/@scope/sub": {
      "version": "1.0.0",
      "resolved": "https://registry.npmjs.org/@scope/sub/-/sub-1.0.0.tgz"
    },
    "node_modules/workspace-link": {
      "resolved": "../packages/inner",
      "link": true
    }
  }
}
